// !$*UTF8*$!
{
	archiveVersion = 1;
	classes = {
	};
	objectVersion = 50;
	objects = {

/* Begin PBXBuildFile section */
		DF05AF4524B4E379005F4630 /* AppDelegate.swift in Sources */ = {isa = PBXBuildFile; fileRef = DF05AF4424B4E379005F4630 /* AppDelegate.swift */; };
		DF05AF4724B4E379005F4630 /* SceneDelegate.swift in Sources */ = {isa = PBXBuildFile; fileRef = DF05AF4624B4E379005F4630 /* SceneDelegate.swift */; };
		DF05AF4C24B4E379005F4630 /* Main.storyboard in Resources */ = {isa = PBXBuildFile; fileRef = DF05AF4A24B4E379005F4630 /* Main.storyboard */; };
		DF05AF4E24B4E37B005F4630 /* Assets.xcassets in Resources */ = {isa = PBXBuildFile; fileRef = DF05AF4D24B4E37B005F4630 /* Assets.xcassets */; };
		DF05AF5124B4E37B005F4630 /* LaunchScreen.storyboard in Resources */ = {isa = PBXBuildFile; fileRef = DF05AF4F24B4E37B005F4630 /* LaunchScreen.storyboard */; };
		DF2A4E0624BAEF1600F4693F /* SlideMenuViewController.swift in Sources */ = {isa = PBXBuildFile; fileRef = DF2A4E0524BAEF1600F4693F /* SlideMenuViewController.swift */; };
		DFD2D3EC24B4EC8200708139 /* HomeMenuViewController.swift in Sources */ = {isa = PBXBuildFile; fileRef = DFD2D3EB24B4EC8200708139 /* HomeMenuViewController.swift */; };
		DFD2D3EE24B4EDC800708139 /* User.swift in Sources */ = {isa = PBXBuildFile; fileRef = DFD2D3ED24B4EDC800708139 /* User.swift */; };
		DFD2D3F224B4F2A100708139 /* CustomTableViewCell.swift in Sources */ = {isa = PBXBuildFile; fileRef = DFD2D3F124B4F2A100708139 /* CustomTableViewCell.swift */; };
/* End PBXBuildFile section */

/* Begin PBXFileReference section */
		DF05AF4124B4E379005F4630 /* DropdownMenu.app */ = {isa = PBXFileReference; explicitFileType = wrapper.application; includeInIndex = 0; path = DropdownMenu.app; sourceTree = BUILT_PRODUCTS_DIR; };
		DF05AF4424B4E379005F4630 /* AppDelegate.swift */ = {isa = PBXFileReference; lastKnownFileType = sourcecode.swift; path = AppDelegate.swift; sourceTree = "<group>"; };
		DF05AF4624B4E379005F4630 /* SceneDelegate.swift */ = {isa = PBXFileReference; lastKnownFileType = sourcecode.swift; path = SceneDelegate.swift; sourceTree = "<group>"; };
		DF05AF4B24B4E379005F4630 /* Base */ = {isa = PBXFileReference; lastKnownFileType = file.storyboard; name = Base; path = Base.lproj/Main.storyboard; sourceTree = "<group>"; };
		DF05AF4D24B4E37B005F4630 /* Assets.xcassets */ = {isa = PBXFileReference; lastKnownFileType = folder.assetcatalog; path = Assets.xcassets; sourceTree = "<group>"; };
		DF05AF5024B4E37B005F4630 /* Base */ = {isa = PBXFileReference; lastKnownFileType = file.storyboard; name = Base; path = Base.lproj/LaunchScreen.storyboard; sourceTree = "<group>"; };
		DF05AF5224B4E37B005F4630 /* Info.plist */ = {isa = PBXFileReference; lastKnownFileType = text.plist.xml; path = Info.plist; sourceTree = "<group>"; };
		DF2A4E0524BAEF1600F4693F /* SlideMenuViewController.swift */ = {isa = PBXFileReference; lastKnownFileType = sourcecode.swift; path = SlideMenuViewController.swift; sourceTree = "<group>"; };
		DFD2D3EB24B4EC8200708139 /* HomeMenuViewController.swift */ = {isa = PBXFileReference; lastKnownFileType = sourcecode.swift; path = HomeMenuViewController.swift; sourceTree = "<group>"; };
		DFD2D3ED24B4EDC800708139 /* User.swift */ = {isa = PBXFileReference; lastKnownFileType = sourcecode.swift; path = User.swift; sourceTree = "<group>"; };
		DFD2D3F124B4F2A100708139 /* CustomTableViewCell.swift */ = {isa = PBXFileReference; lastKnownFileType = sourcecode.swift; path = CustomTableViewCell.swift; sourceTree = "<group>"; };
/* End PBXFileReference section */

/* Begin PBXFrameworksBuildPhase section */
		DF05AF3E24B4E379005F4630 /* Frameworks */ = {
			isa = PBXFrameworksBuildPhase;
			buildActionMask = 2147483647;
			files = (
			);
			runOnlyForDeploymentPostprocessing = 0;
		};
/* End PBXFrameworksBuildPhase section */

/* Begin PBXGroup section */
		DF05AF3824B4E379005F4630 = {
			isa = PBXGroup;
			children = (
				DF05AF4324B4E379005F4630 /* DropdownMenu */,
				DF05AF4224B4E379005F4630 /* Products */,
			);
			sourceTree = "<group>";
		};
		DF05AF4224B4E379005F4630 /* Products */ = {
			isa = PBXGroup;
			children = (
				DF05AF4124B4E379005F4630 /* DropdownMenu.app */,
			);
			name = Products;
			sourceTree = "<group>";
		};
		DF05AF4324B4E379005F4630 /* DropdownMenu */ = {
			isa = PBXGroup;
			children = (
				DF05AF4A24B4E379005F4630 /* Main.storyboard */,
				DF05AF4F24B4E37B005F4630 /* LaunchScreen.storyboard */,
				DFD2D3EA24B4EC4900708139 /* VIEWS */,
				DF05AF5824B4E433005F4630 /* RESOURCES */,
				DFD2D3ED24B4EDC800708139 /* User.swift */,
			);
			path = DropdownMenu;
			sourceTree = "<group>";
		};
		DF05AF5824B4E433005F4630 /* RESOURCES */ = {
			isa = PBXGroup;
			children = (
				DF05AF4424B4E379005F4630 /* AppDelegate.swift */,
				DF05AF4624B4E379005F4630 /* SceneDelegate.swift */,
				DF05AF4D24B4E37B005F4630 /* Assets.xcassets */,
				DF05AF5224B4E37B005F4630 /* Info.plist */,
			);
			path = RESOURCES;
			sourceTree = "<group>";
		};
		DFD2D3EA24B4EC4900708139 /* VIEWS */ = {
			isa = PBXGroup;
			children = (
				DFD2D3EB24B4EC8200708139 /* HomeMenuViewController.swift */,
				DFD2D3F124B4F2A100708139 /* CustomTableViewCell.swift */,
				DF2A4E0524BAEF1600F4693F /* SlideMenuViewController.swift */,
			);
			path = VIEWS;
			sourceTree = "<group>";
		};
/* End PBXGroup section */

/* Begin PBXNativeTarget section */
		DF05AF4024B4E379005F4630 /* DropdownMenu */ = {
			isa = PBXNativeTarget;
			buildConfigurationList = DF05AF5524B4E37B005F4630 /* Build configuration list for PBXNativeTarget "DropdownMenu" */;
			buildPhases = (
				DF05AF3D24B4E379005F4630 /* Sources */,
				DF05AF3E24B4E379005F4630 /* Frameworks */,
				DF05AF3F24B4E379005F4630 /* Resources */,
			);
			buildRules = (
			);
			dependencies = (
			);
			name = DropdownMenu;
			productName = DropdownMenu;
			productReference = DF05AF4124B4E379005F4630 /* DropdownMenu.app */;
			productType = "com.apple.product-type.application";
		};
/* End PBXNativeTarget section */

/* Begin PBXProject section */
		DF05AF3924B4E379005F4630 /* Project object */ = {
			isa = PBXProject;
			attributes = {
				LastSwiftUpdateCheck = 1150;
				LastUpgradeCheck = 1150;
				ORGANIZATIONNAME = madiShino;
				TargetAttributes = {
					DF05AF4024B4E379005F4630 = {
						CreatedOnToolsVersion = 11.5;
					};
				};
			};
			buildConfigurationList = DF05AF3C24B4E379005F4630 /* Build configuration list for PBXProject "DropdownMenu" */;
			compatibilityVersion = "Xcode 9.3";
			developmentRegion = en;
			hasScannedForEncodings = 0;
			knownRegions = (
				en,
				Base,
			);
			mainGroup = DF05AF3824B4E379005F4630;
			productRefGroup = DF05AF4224B4E379005F4630 /* Products */;
			projectDirPath = "";
			projectRoot = "";
			targets = (
				DF05AF4024B4E379005F4630 /* DropdownMenu */,
			);
		};
/* End PBXProject section */

/* Begin PBXResourcesBuildPhase section */
		DF05AF3F24B4E379005F4630 /* Resources */ = {
			isa = PBXResourcesBuildPhase;
			buildActionMask = 2147483647;
			files = (
				DF05AF5124B4E37B005F4630 /* LaunchScreen.storyboard in Resources */,
				DF05AF4E24B4E37B005F4630 /* Assets.xcassets in Resources */,
				DF05AF4C24B4E379005F4630 /* Main.storyboard in Resources */,
			);
			runOnlyForDeploymentPostprocessing = 0;
		};
/* End PBXResourcesBuildPhase section */

/* Begin PBXSourcesBuildPhase section */
		DF05AF3D24B4E379005F4630 /* Sources */ = {
			isa = PBXSourcesBuildPhase;
			buildActionMask = 2147483647;
			files = (
				DFD2D3EE24B4EDC800708139 /* User.swift in Sources */,
				DF2A4E0624BAEF1600F4693F /* SlideMenuViewController.swift in Sources */,
				DFD2D3F224B4F2A100708139 /* CustomTableViewCell.swift in Sources */,
				DF05AF4524B4E379005F4630 /* AppDelegate.swift in Sources */,
				DFD2D3EC24B4EC8200708139 /* HomeMenuViewController.swift in Sources */,
				DF05AF4724B4E379005F4630 /* SceneDelegate.swift in Sources */,
			);
			runOnlyForDeploymentPostprocessing = 0;
		};
/* End PBXSourcesBuildPhase section */

/* Begin PBXVariantGroup section */
		DF05AF4A24B4E379005F4630 /* Main.storyboard */ = {
			isa = PBXVariantGroup;
			children = (
				DF05AF4B24B4E379005F4630 /* Base */,
			);
			name = Main.storyboard;
			sourceTree = "<group>";
		};
		DF05AF4F24B4E37B005F4630 /* LaunchScreen.storyboard */ = {
			isa = PBXVariantGroup;
			children = (
				DF05AF5024B4E37B005F4630 /* Base */,
			);
			name = LaunchScreen.storyboard;
			sourceTree = "<group>";
		};
/* End PBXVariantGroup section */

/* Begin XCBuildConfiguration section */
		DF05AF5324B4E37B005F4630 /* Debug */ = {
			isa = XCBuildConfiguration;
			buildSettings = {
				ALWAYS_SEARCH_USER_PATHS = NO;
				CLANG_ANALYZER_NONNULL = YES;
				CLANG_ANALYZER_NUMBER_OBJECT_CONVERSION = YES_AGGRESSIVE;
				CLANG_CXX_LANGUAGE_STANDARD = "gnu++14";
				CLANG_CXX_LIBRARY = "libc++";
				CLANG_ENABLE_MODULES = YES;
				CLANG_ENABLE_OBJC_ARC = YES;
				CLANG_ENABLE_OBJC_WEAK = YES;
				CLANG_WARN_BLOCK_CAPTURE_AUTORELEASING = YES;
				CLANG_WARN_BOOL_CONVERSION = YES;
				CLANG_WARN_COMMA = YES;
				CLANG_WARN_CONSTANT_CONVERSION = YES;
				CLANG_WARN_DEPRECATED_OBJC_IMPLEMENTATIONS = YES;
				CLANG_WARN_DIRECT_OBJC_ISA_USAGE = YES_ERROR;
				CLANG_WARN_DOCUMENTATION_COMMENTS = YES;
				CLANG_WARN_EMPTY_BODY = YES;
				CLANG_WARN_ENUM_CONVERSION = YES;
				CLANG_WARN_INFINITE_RECURSION = YES;
				CLANG_WARN_INT_CONVERSION = YES;
				CLANG_WARN_NON_LITERAL_NULL_CONVERSION = YES;
				CLANG_WARN_OBJC_IMPLICIT_RETAIN_SELF = YES;
				CLANG_WARN_OBJC_LITERAL_CONVERSION = YES;
				CLANG_WARN_OBJC_ROOT_CLASS = YES_ERROR;
				CLANG_WARN_RANGE_LOOP_ANALYSIS = YES;
				CLANG_WARN_STRICT_PROTOTYPES = YES;
				CLANG_WARN_SUSPICIOUS_MOVE = YES;
				CLANG_WARN_UNGUARDED_AVAILABILITY = YES_AGGRESSIVE;
				CLANG_WARN_UNREACHABLE_CODE = YES;
				CLANG_WARN__DUPLICATE_METHOD_MATCH = YES;
				COPY_PHASE_STRIP = NO;
				DEBUG_INFORMATION_FORMAT = dwarf;
				ENABLE_STRICT_OBJC_MSGSEND = YES;
				ENABLE_TESTABILITY = YES;
				GCC_C_LANGUAGE_STANDARD = gnu11;
				GCC_DYNAMIC_NO_PIC = NO;
				GCC_NO_COMMON_BLOCKS = YES;
				GCC_OPTIMIZATION_LEVEL = 0;
				GCC_PREPROCESSOR_DEFINITIONS = (
					"DEBUG=1",
					"$(inherited)",
				);
				GCC_WARN_64_TO_32_BIT_CONVERSION = YES;
				GCC_WARN_ABOUT_RETURN_TYPE = YES_ERROR;
				GCC_WARN_UNDECLARED_SELECTOR = YES;
				GCC_WARN_UNINITIALIZED_AUTOS = YES_AGGRESSIVE;
				GCC_WARN_UNUSED_FUNCTION = YES;
				GCC_WARN_UNUSED_VARIABLE = YES;
				IPHONEOS_DEPLOYMENT_TARGET = 13.5;
				MTL_ENABLE_DEBUG_INFO = INCLUDE_SOURCE;
				MTL_FAST_MATH = YES;
				ONLY_ACTIVE_ARCH = YES;
				SDKROOT = iphoneos;
				SWIFT_ACTIVE_COMPILATION_CONDITIONS = DEBUG;
				SWIFT_OPTIMIZATION_LEVEL = "-Onone";
			};
			name = Debug;
		};
		DF05AF5424B4E37B005F4630 /* Release */ = {
			isa = XCBuildConfiguration;
			buildSettings = {
				ALWAYS_SEARCH_USER_PATHS = NO;
				CLANG_ANALYZER_NONNULL = YES;
				CLANG_ANALYZER_NUMBER_OBJECT_CONVERSION = YES_AGGRESSIVE;
				CLANG_CXX_LANGUAGE_STANDARD = "gnu++14";
				CLANG_CXX_LIBRARY = "libc++";
				CLANG_ENABLE_MODULES = YES;
				CLANG_ENABLE_OBJC_ARC = YES;
				CLANG_ENABLE_OBJC_WEAK = YES;
				CLANG_WARN_BLOCK_CAPTURE_AUTORELEASING = YES;
				CLANG_WARN_BOOL_CONVERSION = YES;
				CLANG_WARN_COMMA = YES;
				CLANG_WARN_CONSTANT_CONVERSION = YES;
				CLANG_WARN_DEPRECATED_OBJC_IMPLEMENTATIONS = YES;
				CLANG_WARN_DIRECT_OBJC_ISA_USAGE = YES_ERROR;
				CLANG_WARN_DOCUMENTATION_COMMENTS = YES;
				CLANG_WARN_EMPTY_BODY = YES;
				CLANG_WARN_ENUM_CONVERSION = YES;
				CLANG_WARN_INFINITE_RECURSION = YES;
				CLANG_WARN_INT_CONVERSION = YES;
				CLANG_WARN_NON_LITERAL_NULL_CONVERSION = YES;
				CLANG_WARN_OBJC_IMPLICIT_RETAIN_SELF = YES;
				CLANG_WARN_OBJC_LITERAL_CONVERSION = YES;
				CLANG_WARN_OBJC_ROOT_CLASS = YES_ERROR;
				CLANG_WARN_RANGE_LOOP_ANALYSIS = YES;
				CLANG_WARN_STRICT_PROTOTYPES = YES;
				CLANG_WARN_SUSPICIOUS_MOVE = YES;
				CLANG_WARN_UNGUARDED_AVAILABILITY = YES_AGGRESSIVE;
				CLANG_WARN_UNREACHABLE_CODE = YES;
				CLANG_WARN__DUPLICATE_METHOD_MATCH = YES;
				COPY_PHASE_STRIP = NO;
				DEBUG_INFORMATION_FORMAT = "dwarf-with-dsym";
				ENABLE_NS_ASSERTIONS = NO;
				ENABLE_STRICT_OBJC_MSGSEND = YES;
				GCC_C_LANGUAGE_STANDARD = gnu11;
				GCC_NO_COMMON_BLOCKS = YES;
				GCC_WARN_64_TO_32_BIT_CONVERSION = YES;
				GCC_WARN_ABOUT_RETURN_TYPE = YES_ERROR;
				GCC_WARN_UNDECLARED_SELECTOR = YES;
				GCC_WARN_UNINITIALIZED_AUTOS = YES_AGGRESSIVE;
				GCC_WARN_UNUSED_FUNCTION = YES;
				GCC_WARN_UNUSED_VARIABLE = YES;
				IPHONEOS_DEPLOYMENT_TARGET = 13.5;
				MTL_ENABLE_DEBUG_INFO = NO;
				MTL_FAST_MATH = YES;
				SDKROOT = iphoneos;
				SWIFT_COMPILATION_MODE = wholemodule;
				SWIFT_OPTIMIZATION_LEVEL = "-O";
				VALIDATE_PRODUCT = YES;
			};
			name = Release;
		};
		DF05AF5624B4E37B005F4630 /* Debug */ = {
			isa = XCBuildConfiguration;
			buildSettings = {
				ASSETCATALOG_COMPILER_APPICON_NAME = AppIcon;
				CODE_SIGN_STYLE = Automatic;
				DEVELOPMENT_TEAM = 8MJ3MC3A9A;
				INFOPLIST_FILE = "$(SRCROOT)/DropdownMenu/RESOURCES/Info.plist";
				LD_RUNPATH_SEARCH_PATHS = (
					"$(inherited)",
					"@executable_path/Frameworks",
				);
				PRODUCT_BUNDLE_IDENTIFIER = madiShino.DropdownMenu;
				PRODUCT_NAME = "$(TARGET_NAME)";
				SWIFT_VERSION = 5.0;
				TARGETED_DEVICE_FAMILY = "1,2";
			};
			name = Debug;
		};
		DF05AF5724B4E37B005F4630 /* Release */ = {
			isa = XCBuildConfiguration;
			buildSettings = {
				ASSETCATALOG_COMPILER_APPICON_NAME = AppIcon;
				CODE_SIGN_STYLE = Automatic;
				DEVELOPMENT_TEAM = 8MJ3MC3A9A;
				INFOPLIST_FILE = "$(SRCROOT)/DropdownMenu/RESOURCES/Info.plist";
				LD_RUNPATH_SEARCH_PATHS = (
					"$(inherited)",
					"@executable_path/Frameworks",
				);
				PRODUCT_BUNDLE_IDENTIFIER = madiShino.DropdownMenu;
				PRODUCT_NAME = "$(TARGET_NAME)";
				SWIFT_VERSION = 5.0;
				TARGETED_DEVICE_FAMILY = "1,2";
			};
			name = Release;
		};
/* End XCBuildConfiguration section */

/* Begin XCConfigurationList section */
		DF05AF3C24B4E379005F4630 /* Build configuration list for PBXProject "DropdownMenu" */ = {
			isa = XCConfigurationList;
			buildConfigurations = (
				DF05AF5324B4E37B005F4630 /* Debug */,
				DF05AF5424B4E37B005F4630 /* Release */,
			);
			defaultConfigurationIsVisible = 0;
			defaultConfigurationName = Release;
		};
		DF05AF5524B4E37B005F4630 /* Build configuration list for PBXNativeTarget "DropdownMenu" */ = {
			isa = XCConfigurationList;
			buildConfigurations = (
				DF05AF5624B4E37B005F4630 /* Debug */,
				DF05AF5724B4E37B005F4630 /* Release */,
			);
			defaultConfigurationIsVisible = 0;
			defaultConfigurationName = Release;
		};
/* End XCConfigurationList section */
	};
	rootObject = DF05AF3924B4E379005F4630 /* Project object */;
}
